
Microsoft Visual Studio Solution File, Format Version 12.00
# Visual Studio 14
VisualStudioVersion = 14.0.25420.1
MinimumVisualStudioVersion = 10.0.40219.1
Project("{FAE04EC0-301F-11D3-BF4B-00C04F79EFBC}") = "BairesDev.WEB", "BairesDev.WEB\BairesDev.WEB.csproj", "{1BDB6FCE-784F-4728-997D-8103A3F96164}"
EndProject
Project("{FAE04EC0-301F-11D3-BF4B-00C04F79EFBC}") = "BairesDev.DAL", "BairesDev.DAL\BairesDev.DAL.csproj", "{830FB524-A48A-49D6-B657-E9F8A96F95F7}"
EndProject
Global
	GlobalSection(SolutionConfigurationPlatforms) = preSolution
		Debug|Any CPU = Debug|Any CPU
		Release|Any CPU = Release|Any CPU
	EndGlobalSection
	GlobalSection(ProjectConfigurationPlatforms) = postSolution
		{1BDB6FCE-784F-4728-997D-8103A3F96164}.Debug|Any CPU.ActiveCfg = Debug|Any CPU
		{1BDB6FCE-784F-4728-997D-8103A3F96164}.Debug|Any CPU.Build.0 = Debug|Any CPU
		{1BDB6FCE-784F-4728-997D-8103A3F96164}.Release|Any CPU.ActiveCfg = Release|Any CPU
		{1BDB6FCE-784F-4728-997D-8103A3F96164}.Release|Any CPU.Build.0 = Release|Any CPU
		{830FB524-A48A-49D6-B657-E9F8A96F95F7}.Debug|Any CPU.ActiveCfg = Debug|Any CPU
		{830FB524-A48A-49D6-B657-E9F8A96F95F7}.Debug|Any CPU.Build.0 = Debug|Any CPU
		{830FB524-A48A-49D6-B657-E9F8A96F95F7}.Release|Any CPU.ActiveCfg = Release|Any CPU
		{830FB524-A48A-49D6-B657-E9F8A96F95F7}.Release|Any CPU.Build.0 = Release|Any CPU
	EndGlobalSection
	GlobalSection(SolutionProperties) = preSolution
		HideSolutionNode = FALSE
	EndGlobalSection
EndGlobal
